{
  "meteor": {},
  "dependencies": {
    "basePackages": {
      "routecore": {}
    },
    "packages": {
      "routecore": {
        "git": "https://github.com/mystor/meteor-routecore.git",
        "tag": "v0.0.2",
        "commit": "15237be907217653c9716f0a35c3fc92fb1c9ddd"
      },
      "page-js-ie-support": {
        "git": "https://github.com/tmeasday/meteor-page-js-ie-support.git",
        "tag": "v1.3.5",
        "commit": "b99ed8380aefd10b2afc8f18d9eed4dd0d8ea9cb"
      },
      "HTML5-History-API": {
        "git": "https://github.com/tmeasday/meteor-HTML5-History-API.git",
        "tag": "v4.0.0",
        "commit": "dc4965f1424cfca625ec3fbea17eace03f8e32c5"
      },
      "fast-render": {
        "git": "https://github.com/arunoda/meteor-fast-render.git",
        "tag": "v0.1.16",
        "commit": "e08aa22d76f25bb43e9d0f8bee3880c686f62b2b"
      }
    }
  }
}
